
Microsoft Visual Studio Solution File, Format Version 12.00
# Visual Studio 15
VisualStudioVersion = 15.0.28307.1209
MinimumVisualStudioVersion = 10.0.40219.1
Project("{888888A0-9F3D-457C-B088-3A5042F75D52}") = "POLON_api", "POLON_api\POLON_api.pyproj", "{A0C625E5-F3E1-46E7-8200-CE2D664CD259}"
EndProject
Global
	GlobalSection(SolutionConfigurationPlatforms) = preSolution
		Debug|Any CPU = Debug|Any CPU
		Release|Any CPU = Release|Any CPU
	EndGlobalSection
	GlobalSection(ProjectConfigurationPlatforms) = postSolution
		{A0C625E5-F3E1-46E7-8200-CE2D664CD259}.Debug|Any CPU.ActiveCfg = Debug|Any CPU
		{A0C625E5-F3E1-46E7-8200-CE2D664CD259}.Release|Any CPU.ActiveCfg = Release|Any CPU
	EndGlobalSection
	GlobalSection(SolutionProperties) = preSolution
		HideSolutionNode = FALSE
	EndGlobalSection
	GlobalSection(ExtensibilityGlobals) = postSolution
		SolutionGuid = {FB30DCC0-32CF-4CBF-9781-AD5B82D6433B}
	EndGlobalSection
EndGlobal
